// !$*UTF8*$!
{
	archiveVersion = 1;
	classes = {
	};
	objectVersion = 50;
	objects = {

/* Begin PBXBuildFile section */
		550826CF207EEF6100DEB993 /* AppDelegate.swift in Sources */ = {isa = PBXBuildFile; fileRef = 550826CE207EEF6100DEB993 /* AppDelegate.swift */; };
		550826D1207EEF6100DEB993 /* ViewController.swift in Sources */ = {isa = PBXBuildFile; fileRef = 550826D0207EEF6100DEB993 /* ViewController.swift */; };
		550826D4207EEF6100DEB993 /* Main.storyboard in Resources */ = {isa = PBXBuildFile; fileRef = 550826D2207EEF6100DEB993 /* Main.storyboard */; };
		550826D6207EEF6300DEB993 /* Assets.xcassets in Resources */ = {isa = PBXBuildFile; fileRef = 550826D5207EEF6300DEB993 /* Assets.xcassets */; };
		550826D9207EEF6300DEB993 /* LaunchScreen.storyboard in Resources */ = {isa = PBXBuildFile; fileRef = 550826D7207EEF6300DEB993 /* LaunchScreen.storyboard */; };
		550826E5207EEFF100DEB993 /* Bible.swift in Sources */ = {isa = PBXBuildFile; fileRef = 550826E4207EEFF100DEB993 /* Bible.swift */; };
/* End PBXBuildFile section */

/* Begin PBXFileReference section */
		550826CB207EEF6100DEB993 /* BibleReading.app */ = {isa = PBXFileReference; explicitFileType = wrapper.application; includeInIndex = 0; path = BibleReading.app; sourceTree = BUILT_PRODUCTS_DIR; };
		550826CE207EEF6100DEB993 /* AppDelegate.swift */ = {isa = PBXFileReference; lastKnownFileType = sourcecode.swift; path = AppDelegate.swift; sourceTree = "<group>"; };
		550826D0207EEF6100DEB993 /* ViewController.swift */ = {isa = PBXFileReference; lastKnownFileType = sourcecode.swift; path = ViewController.swift; sourceTree = "<group>"; };
		550826D3207EEF6100DEB993 /* Base */ = {isa = PBXFileReference; lastKnownFileType = file.storyboard; name = Base; path = Base.lproj/Main.storyboard; sourceTree = "<group>"; };
		550826D5207EEF6300DEB993 /* Assets.xcassets */ = {isa = PBXFileReference; lastKnownFileType = folder.assetcatalog; path = Assets.xcassets; sourceTree = "<group>"; };
		550826D8207EEF6300DEB993 /* Base */ = {isa = PBXFileReference; lastKnownFileType = file.storyboard; name = Base; path = Base.lproj/LaunchScreen.storyboard; sourceTree = "<group>"; };
		550826DA207EEF6300DEB993 /* Info.plist */ = {isa = PBXFileReference; lastKnownFileType = text.plist.xml; path = Info.plist; sourceTree = "<group>"; };
		550826E4207EEFF100DEB993 /* Bible.swift */ = {isa = PBXFileReference; lastKnownFileType = sourcecode.swift; path = Bible.swift; sourceTree = "<group>"; };
/* End PBXFileReference section */

/* Begin PBXFrameworksBuildPhase section */
		550826C8207EEF6100DEB993 /* Frameworks */ = {
			isa = PBXFrameworksBuildPhase;
			buildActionMask = 2147483647;
			files = (
			);
			runOnlyForDeploymentPostprocessing = 0;
		};
/* End PBXFrameworksBuildPhase section */

/* Begin PBXGroup section */
		550826C2207EEF6100DEB993 = {
			isa = PBXGroup;
			children = (
				550826CD207EEF6100DEB993 /* BibleReading */,
				550826CC207EEF6100DEB993 /* Products */,
			);
			sourceTree = "<group>";
		};
		550826CC207EEF6100DEB993 /* Products */ = {
			isa = PBXGroup;
			children = (
				550826CB207EEF6100DEB993 /* BibleReading.app */,
			);
			name = Products;
			sourceTree = "<group>";
		};
		550826CD207EEF6100DEB993 /* BibleReading */ = {
			isa = PBXGroup;
			children = (
				550826E3207EEFCE00DEB993 /* Resources */,
				550826E2207EEFBD00DEB993 /* ViewController */,
				550826E1207EEFAF00DEB993 /* View */,
				550826E0207EEFA600DEB993 /* Model */,
				550826CE207EEF6100DEB993 /* AppDelegate.swift */,
				550826D0207EEF6100DEB993 /* ViewController.swift */,
				550826D2207EEF6100DEB993 /* Main.storyboard */,
				550826D5207EEF6300DEB993 /* Assets.xcassets */,
				550826D7207EEF6300DEB993 /* LaunchScreen.storyboard */,
				550826DA207EEF6300DEB993 /* Info.plist */,
			);
			path = BibleReading;
			sourceTree = "<group>";
		};
		550826E0207EEFA600DEB993 /* Model */ = {
			isa = PBXGroup;
			children = (
			);
			path = Model;
			sourceTree = "<group>";
		};
		550826E1207EEFAF00DEB993 /* View */ = {
			isa = PBXGroup;
			children = (
			);
			path = View;
			sourceTree = "<group>";
		};
		550826E2207EEFBD00DEB993 /* ViewController */ = {
			isa = PBXGroup;
			children = (
			);
			path = ViewController;
			sourceTree = "<group>";
		};
		550826E3207EEFCE00DEB993 /* Resources */ = {
			isa = PBXGroup;
			children = (
				550826E4207EEFF100DEB993 /* Bible.swift */,
			);
			path = Resources;
			sourceTree = "<group>";
		};
/* End PBXGroup section */

/* Begin PBXNativeTarget section */
		550826CA207EEF6100DEB993 /* BibleReading */ = {
			isa = PBXNativeTarget;
			buildConfigurationList = 550826DD207EEF6300DEB993 /* Build configuration list for PBXNativeTarget "BibleReading" */;
			buildPhases = (
				550826C7207EEF6100DEB993 /* Sources */,
				550826C8207EEF6100DEB993 /* Frameworks */,
				550826C9207EEF6100DEB993 /* Resources */,
			);
			buildRules = (
			);
			dependencies = (
			);
			name = BibleReading;
			productName = BibleReading;
			productReference = 550826CB207EEF6100DEB993 /* BibleReading.app */;
			productType = "com.apple.product-type.application";
		};
/* End PBXNativeTarget section */

/* Begin PBXProject section */
		550826C3207EEF6100DEB993 /* Project object */ = {
			isa = PBXProject;
			attributes = {
				LastSwiftUpdateCheck = 0930;
				LastUpgradeCheck = 0930;
				ORGANIZATIONNAME = dave;
				TargetAttributes = {
					550826CA207EEF6100DEB993 = {
						CreatedOnToolsVersion = 9.3;
					};
				};
			};
			buildConfigurationList = 550826C6207EEF6100DEB993 /* Build configuration list for PBXProject "BibleReading" */;
			compatibilityVersion = "Xcode 9.3";
			developmentRegion = en;
			hasScannedForEncodings = 0;
			knownRegions = (
				en,
				Base,
			);
			mainGroup = 550826C2207EEF6100DEB993;
			productRefGroup = 550826CC207EEF6100DEB993 /* Products */;
			projectDirPath = "";
			projectRoot = "";
			targets = (
				550826CA207EEF6100DEB993 /* BibleReading */,
			);
		};
/* End PBXProject section */

/* Begin PBXResourcesBuildPhase section */
		550826C9207EEF6100DEB993 /* Resources */ = {
			isa = PBXResourcesBuildPhase;
			buildActionMask = 2147483647;
			files = (
				550826D9207EEF6300DEB993 /* LaunchScreen.storyboard in Resources */,
				550826D6207EEF6300DEB993 /* Assets.xcassets in Resources */,
				550826D4207EEF6100DEB993 /* Main.storyboard in Resources */,
			);
			runOnlyForDeploymentPostprocessing = 0;
		};
/* End PBXResourcesBuildPhase section */

/* Begin PBXSourcesBuildPhase section */
		550826C7207EEF6100DEB993 /* Sources */ = {
			isa = PBXSourcesBuildPhase;
			buildActionMask = 2147483647;
			files = (
				550826D1207EEF6100DEB993 /* ViewController.swift in Sources */,
				550826CF207EEF6100DEB993 /* AppDelegate.swift in Sources */,
				550826E5207EEFF100DEB993 /* Bible.swift in Sources */,
			);
			runOnlyForDeploymentPostprocessing = 0;
		};
/* End PBXSourcesBuildPhase section */

/* Begin PBXVariantGroup section */
		550826D2207EEF6100DEB993 /* Main.storyboard */ = {
			isa = PBXVariantGroup;
			children = (
				550826D3207EEF6100DEB993 /* Base */,
			);
			name = Main.storyboard;
			sourceTree = "<group>";
		};
		550826D7207EEF6300DEB993 /* LaunchScreen.storyboard */ = {
			isa = PBXVariantGroup;
			children = (
				550826D8207EEF6300DEB993 /* Base */,
			);
			name = LaunchScreen.storyboard;
			sourceTree = "<group>";
		};
/* End PBXVariantGroup section */

/* Begin XCBuildConfiguration section */
		550826DB207EEF6300DEB993 /* Debug */ = {
			isa = XCBuildConfiguration;
			buildSettings = {
				ALWAYS_SEARCH_USER_PATHS = NO;
				CLANG_ANALYZER_NONNULL = YES;
				CLANG_ANALYZER_NUMBER_OBJECT_CONVERSION = YES_AGGRESSIVE;
				CLANG_CXX_LANGUAGE_STANDARD = "gnu++14";
				CLANG_CXX_LIBRARY = "libc++";
				CLANG_ENABLE_MODULES = YES;
				CLANG_ENABLE_OBJC_ARC = YES;
				CLANG_ENABLE_OBJC_WEAK = YES;
				CLANG_WARN_BLOCK_CAPTURE_AUTORELEASING = YES;
				CLANG_WARN_BOOL_CONVERSION = YES;
				CLANG_WARN_COMMA = YES;
				CLANG_WARN_CONSTANT_CONVERSION = YES;
				CLANG_WARN_DEPRECATED_OBJC_IMPLEMENTATIONS = YES;
				CLANG_WARN_DIRECT_OBJC_ISA_USAGE = YES_ERROR;
				CLANG_WARN_DOCUMENTATION_COMMENTS = YES;
				CLANG_WARN_EMPTY_BODY = YES;
				CLANG_WARN_ENUM_CONVERSION = YES;
				CLANG_WARN_INFINITE_RECURSION = YES;
				CLANG_WARN_INT_CONVERSION = YES;
				CLANG_WARN_NON_LITERAL_NULL_CONVERSION = YES;
				CLANG_WARN_OBJC_IMPLICIT_RETAIN_SELF = YES;
				CLANG_WARN_OBJC_LITERAL_CONVERSION = YES;
				CLANG_WARN_OBJC_ROOT_CLASS = YES_ERROR;
				CLANG_WARN_RANGE_LOOP_ANALYSIS = YES;
				CLANG_WARN_STRICT_PROTOTYPES = YES;
				CLANG_WARN_SUSPICIOUS_MOVE = YES;
				CLANG_WARN_UNGUARDED_AVAILABILITY = YES_AGGRESSIVE;
				CLANG_WARN_UNREACHABLE_CODE = YES;
				CLANG_WARN__DUPLICATE_METHOD_MATCH = YES;
				CODE_SIGN_IDENTITY = "iPhone Developer";
				COPY_PHASE_STRIP = NO;
				DEBUG_INFORMATION_FORMAT = dwarf;
				ENABLE_STRICT_OBJC_MSGSEND = YES;
				ENABLE_TESTABILITY = YES;
				GCC_C_LANGUAGE_STANDARD = gnu11;
				GCC_DYNAMIC_NO_PIC = NO;
				GCC_NO_COMMON_BLOCKS = YES;
				GCC_OPTIMIZATION_LEVEL = 0;
				GCC_PREPROCESSOR_DEFINITIONS = (
					"DEBUG=1",
					"$(inherited)",
				);
				GCC_WARN_64_TO_32_BIT_CONVERSION = YES;
				GCC_WARN_ABOUT_RETURN_TYPE = YES_ERROR;
				GCC_WARN_UNDECLARED_SELECTOR = YES;
				GCC_WARN_UNINITIALIZED_AUTOS = YES_AGGRESSIVE;
				GCC_WARN_UNUSED_FUNCTION = YES;
				GCC_WARN_UNUSED_VARIABLE = YES;
				IPHONEOS_DEPLOYMENT_TARGET = 11.3;
				MTL_ENABLE_DEBUG_INFO = YES;
				ONLY_ACTIVE_ARCH = YES;
				SDKROOT = iphoneos;
				SWIFT_ACTIVE_COMPILATION_CONDITIONS = DEBUG;
				SWIFT_OPTIMIZATION_LEVEL = "-Onone";
			};
			name = Debug;
		};
		550826DC207EEF6300DEB993 /* Release */ = {
			isa = XCBuildConfiguration;
			buildSettings = {
				ALWAYS_SEARCH_USER_PATHS = NO;
				CLANG_ANALYZER_NONNULL = YES;
				CLANG_ANALYZER_NUMBER_OBJECT_CONVERSION = YES_AGGRESSIVE;
				CLANG_CXX_LANGUAGE_STANDARD = "gnu++14";
				CLANG_CXX_LIBRARY = "libc++";
				CLANG_ENABLE_MODULES = YES;
				CLANG_ENABLE_OBJC_ARC = YES;
				CLANG_ENABLE_OBJC_WEAK = YES;
				CLANG_WARN_BLOCK_CAPTURE_AUTORELEASING = YES;
				CLANG_WARN_BOOL_CONVERSION = YES;
				CLANG_WARN_COMMA = YES;
				CLANG_WARN_CONSTANT_CONVERSION = YES;
				CLANG_WARN_DEPRECATED_OBJC_IMPLEMENTATIONS = YES;
				CLANG_WARN_DIRECT_OBJC_ISA_USAGE = YES_ERROR;
				CLANG_WARN_DOCUMENTATION_COMMENTS = YES;
				CLANG_WARN_EMPTY_BODY = YES;
				CLANG_WARN_ENUM_CONVERSION = YES;
				CLANG_WARN_INFINITE_RECURSION = YES;
				CLANG_WARN_INT_CONVERSION = YES;
				CLANG_WARN_NON_LITERAL_NULL_CONVERSION = YES;
				CLANG_WARN_OBJC_IMPLICIT_RETAIN_SELF = YES;
				CLANG_WARN_OBJC_LITERAL_CONVERSION = YES;
				CLANG_WARN_OBJC_ROOT_CLASS = YES_ERROR;
				CLANG_WARN_RANGE_LOOP_ANALYSIS = YES;
				CLANG_WARN_STRICT_PROTOTYPES = YES;
				CLANG_WARN_SUSPICIOUS_MOVE = YES;
				CLANG_WARN_UNGUARDED_AVAILABILITY = YES_AGGRESSIVE;
				CLANG_WARN_UNREACHABLE_CODE = YES;
				CLANG_WARN__DUPLICATE_METHOD_MATCH = YES;
				CODE_SIGN_IDENTITY = "iPhone Developer";
				COPY_PHASE_STRIP = NO;
				DEBUG_INFORMATION_FORMAT = "dwarf-with-dsym";
				ENABLE_NS_ASSERTIONS = NO;
				ENABLE_STRICT_OBJC_MSGSEND = YES;
				GCC_C_LANGUAGE_STANDARD = gnu11;
				GCC_NO_COMMON_BLOCKS = YES;
				GCC_WARN_64_TO_32_BIT_CONVERSION = YES;
				GCC_WARN_ABOUT_RETURN_TYPE = YES_ERROR;
				GCC_WARN_UNDECLARED_SELECTOR = YES;
				GCC_WARN_UNINITIALIZED_AUTOS = YES_AGGRESSIVE;
				GCC_WARN_UNUSED_FUNCTION = YES;
				GCC_WARN_UNUSED_VARIABLE = YES;
				IPHONEOS_DEPLOYMENT_TARGET = 11.3;
				MTL_ENABLE_DEBUG_INFO = NO;
				SDKROOT = iphoneos;
				SWIFT_COMPILATION_MODE = wholemodule;
				SWIFT_OPTIMIZATION_LEVEL = "-O";
				VALIDATE_PRODUCT = YES;
			};
			name = Release;
		};
		550826DE207EEF6300DEB993 /* Debug */ = {
			isa = XCBuildConfiguration;
			buildSettings = {
				ASSETCATALOG_COMPILER_APPICON_NAME = AppIcon;
				CODE_SIGN_STYLE = Automatic;
				DEVELOPMENT_TEAM = 4Z6U9FKXA9;
				INFOPLIST_FILE = BibleReading/Info.plist;
				LD_RUNPATH_SEARCH_PATHS = (
					"$(inherited)",
					"@executable_path/Frameworks",
				);
				PRODUCT_BUNDLE_IDENTIFIER = com.mobileandsmile.BibleReading;
				PRODUCT_NAME = "$(TARGET_NAME)";
				SWIFT_VERSION = 4.0;
				TARGETED_DEVICE_FAMILY = "1,2";
			};
			name = Debug;
		};
		550826DF207EEF6300DEB993 /* Release */ = {
			isa = XCBuildConfiguration;
			buildSettings = {
				ASSETCATALOG_COMPILER_APPICON_NAME = AppIcon;
				CODE_SIGN_STYLE = Automatic;
				DEVELOPMENT_TEAM = 4Z6U9FKXA9;
				INFOPLIST_FILE = BibleReading/Info.plist;
				LD_RUNPATH_SEARCH_PATHS = (
					"$(inherited)",
					"@executable_path/Frameworks",
				);
				PRODUCT_BUNDLE_IDENTIFIER = com.mobileandsmile.BibleReading;
				PRODUCT_NAME = "$(TARGET_NAME)";
				SWIFT_VERSION = 4.0;
				TARGETED_DEVICE_FAMILY = "1,2";
			};
			name = Release;
		};
/* End XCBuildConfiguration section */

/* Begin XCConfigurationList section */
		550826C6207EEF6100DEB993 /* Build configuration list for PBXProject "BibleReading" */ = {
			isa = XCConfigurationList;
			buildConfigurations = (
				550826DB207EEF6300DEB993 /* Debug */,
				550826DC207EEF6300DEB993 /* Release */,
			);
			defaultConfigurationIsVisible = 0;
			defaultConfigurationName = Release;
		};
		550826DD207EEF6300DEB993 /* Build configuration list for PBXNativeTarget "BibleReading" */ = {
			isa = XCConfigurationList;
			buildConfigurations = (
				550826DE207EEF6300DEB993 /* Debug */,
				550826DF207EEF6300DEB993 /* Release */,
			);
			defaultConfigurationIsVisible = 0;
			defaultConfigurationName = Release;
		};
/* End XCConfigurationList section */
	};
	rootObject = 550826C3207EEF6100DEB993 /* Project object */;
}
