// !$*UTF8*$!
{
	archiveVersion = 1;
	classes = {
	};
	objectVersion = 50;
	objects = {

/* Begin PBXBuildFile section */
		55090FB12086E4480061580B /* AppDelegate.swift in Sources */ = {isa = PBXBuildFile; fileRef = 55090FB02086E4480061580B /* AppDelegate.swift */; };
		55090FB32086E4480061580B /* ViewController.swift in Sources */ = {isa = PBXBuildFile; fileRef = 55090FB22086E4480061580B /* ViewController.swift */; };
		55090FB62086E4480061580B /* Main.storyboard in Resources */ = {isa = PBXBuildFile; fileRef = 55090FB42086E4480061580B /* Main.storyboard */; };
		55090FB82086E44B0061580B /* Assets.xcassets in Resources */ = {isa = PBXBuildFile; fileRef = 55090FB72086E44B0061580B /* Assets.xcassets */; };
		55090FBB2086E44B0061580B /* LaunchScreen.storyboard in Resources */ = {isa = PBXBuildFile; fileRef = 55090FB92086E44B0061580B /* LaunchScreen.storyboard */; };
		55090FC32086E9D70061580B /* MainListViewController.swift in Sources */ = {isa = PBXBuildFile; fileRef = 55090FC22086E9D70061580B /* MainListViewController.swift */; };
		55090FC52086EA140061580B /* DiaryViewController.swift in Sources */ = {isa = PBXBuildFile; fileRef = 55090FC42086EA140061580B /* DiaryViewController.swift */; };
		55090FC72086EA380061580B /* SettingViewController.swift in Sources */ = {isa = PBXBuildFile; fileRef = 55090FC62086EA380061580B /* SettingViewController.swift */; };
		55090FCA2086F6610061580B /* DiaryCell.swift in Sources */ = {isa = PBXBuildFile; fileRef = 55090FC92086F6610061580B /* DiaryCell.swift */; };
		55090FCE2086F8A10061580B /* DiaryData.swift in Sources */ = {isa = PBXBuildFile; fileRef = 55090FCD2086F8A10061580B /* DiaryData.swift */; };
		55D993E720872F1B00D8684E /* TimeHandler.swift in Sources */ = {isa = PBXBuildFile; fileRef = 55D993E620872F1B00D8684E /* TimeHandler.swift */; };
/* End PBXBuildFile section */

/* Begin PBXFileReference section */
		55090FAD2086E4480061580B /* DayGramTest.app */ = {isa = PBXFileReference; explicitFileType = wrapper.application; includeInIndex = 0; path = DayGramTest.app; sourceTree = BUILT_PRODUCTS_DIR; };
		55090FB02086E4480061580B /* AppDelegate.swift */ = {isa = PBXFileReference; lastKnownFileType = sourcecode.swift; path = AppDelegate.swift; sourceTree = "<group>"; };
		55090FB22086E4480061580B /* ViewController.swift */ = {isa = PBXFileReference; lastKnownFileType = sourcecode.swift; path = ViewController.swift; sourceTree = "<group>"; };
		55090FB52086E4480061580B /* Base */ = {isa = PBXFileReference; lastKnownFileType = file.storyboard; name = Base; path = Base.lproj/Main.storyboard; sourceTree = "<group>"; };
		55090FB72086E44B0061580B /* Assets.xcassets */ = {isa = PBXFileReference; lastKnownFileType = folder.assetcatalog; path = Assets.xcassets; sourceTree = "<group>"; };
		55090FBA2086E44B0061580B /* Base */ = {isa = PBXFileReference; lastKnownFileType = file.storyboard; name = Base; path = Base.lproj/LaunchScreen.storyboard; sourceTree = "<group>"; };
		55090FBC2086E44B0061580B /* Info.plist */ = {isa = PBXFileReference; lastKnownFileType = text.plist.xml; path = Info.plist; sourceTree = "<group>"; };
		55090FC22086E9D70061580B /* MainListViewController.swift */ = {isa = PBXFileReference; lastKnownFileType = sourcecode.swift; path = MainListViewController.swift; sourceTree = "<group>"; };
		55090FC42086EA140061580B /* DiaryViewController.swift */ = {isa = PBXFileReference; lastKnownFileType = sourcecode.swift; path = DiaryViewController.swift; sourceTree = "<group>"; };
		55090FC62086EA380061580B /* SettingViewController.swift */ = {isa = PBXFileReference; lastKnownFileType = sourcecode.swift; path = SettingViewController.swift; sourceTree = "<group>"; };
		55090FC92086F6610061580B /* DiaryCell.swift */ = {isa = PBXFileReference; lastKnownFileType = sourcecode.swift; path = DiaryCell.swift; sourceTree = "<group>"; };
		55090FCD2086F8A10061580B /* DiaryData.swift */ = {isa = PBXFileReference; lastKnownFileType = sourcecode.swift; path = DiaryData.swift; sourceTree = "<group>"; };
		55D993E620872F1B00D8684E /* TimeHandler.swift */ = {isa = PBXFileReference; lastKnownFileType = sourcecode.swift; path = TimeHandler.swift; sourceTree = "<group>"; };
/* End PBXFileReference section */

/* Begin PBXFrameworksBuildPhase section */
		55090FAA2086E4480061580B /* Frameworks */ = {
			isa = PBXFrameworksBuildPhase;
			buildActionMask = 2147483647;
			files = (
			);
			runOnlyForDeploymentPostprocessing = 0;
		};
/* End PBXFrameworksBuildPhase section */

/* Begin PBXGroup section */
		55090FA42086E4480061580B = {
			isa = PBXGroup;
			children = (
				55090FAF2086E4480061580B /* DayGramTest */,
				55090FAE2086E4480061580B /* Products */,
			);
			sourceTree = "<group>";
		};
		55090FAE2086E4480061580B /* Products */ = {
			isa = PBXGroup;
			children = (
				55090FAD2086E4480061580B /* DayGramTest.app */,
			);
			name = Products;
			sourceTree = "<group>";
		};
		55090FAF2086E4480061580B /* DayGramTest */ = {
			isa = PBXGroup;
			children = (
				55090FCC2086F8700061580B /* Model */,
				55090FCB2086F6B50061580B /* View */,
				55090FC82086EA420061580B /* ViewController */,
				55090FB02086E4480061580B /* AppDelegate.swift */,
				55090FB72086E44B0061580B /* Assets.xcassets */,
				55090FB92086E44B0061580B /* LaunchScreen.storyboard */,
				55090FBC2086E44B0061580B /* Info.plist */,
				55090FC92086F6610061580B /* DiaryCell.swift */,
				55D993E620872F1B00D8684E /* TimeHandler.swift */,
			);
			path = DayGramTest;
			sourceTree = "<group>";
		};
		55090FC82086EA420061580B /* ViewController */ = {
			isa = PBXGroup;
			children = (
				55090FB22086E4480061580B /* ViewController.swift */,
				55090FC22086E9D70061580B /* MainListViewController.swift */,
				55090FC42086EA140061580B /* DiaryViewController.swift */,
				55090FC62086EA380061580B /* SettingViewController.swift */,
			);
			path = ViewController;
			sourceTree = "<group>";
		};
		55090FCB2086F6B50061580B /* View */ = {
			isa = PBXGroup;
			children = (
				55090FB42086E4480061580B /* Main.storyboard */,
			);
			path = View;
			sourceTree = "<group>";
		};
		55090FCC2086F8700061580B /* Model */ = {
			isa = PBXGroup;
			children = (
				55090FCD2086F8A10061580B /* DiaryData.swift */,
			);
			path = Model;
			sourceTree = "<group>";
		};
/* End PBXGroup section */

/* Begin PBXNativeTarget section */
		55090FAC2086E4480061580B /* DayGramTest */ = {
			isa = PBXNativeTarget;
			buildConfigurationList = 55090FBF2086E44B0061580B /* Build configuration list for PBXNativeTarget "DayGramTest" */;
			buildPhases = (
				55090FA92086E4480061580B /* Sources */,
				55090FAA2086E4480061580B /* Frameworks */,
				55090FAB2086E4480061580B /* Resources */,
			);
			buildRules = (
			);
			dependencies = (
			);
			name = DayGramTest;
			productName = DayGramTest;
			productReference = 55090FAD2086E4480061580B /* DayGramTest.app */;
			productType = "com.apple.product-type.application";
		};
/* End PBXNativeTarget section */

/* Begin PBXProject section */
		55090FA52086E4480061580B /* Project object */ = {
			isa = PBXProject;
			attributes = {
				LastSwiftUpdateCheck = 0930;
				LastUpgradeCheck = 0930;
				ORGANIZATIONNAME = dave;
				TargetAttributes = {
					55090FAC2086E4480061580B = {
						CreatedOnToolsVersion = 9.3;
					};
				};
			};
			buildConfigurationList = 55090FA82086E4480061580B /* Build configuration list for PBXProject "DayGramTest" */;
			compatibilityVersion = "Xcode 9.3";
			developmentRegion = en;
			hasScannedForEncodings = 0;
			knownRegions = (
				en,
				Base,
			);
			mainGroup = 55090FA42086E4480061580B;
			productRefGroup = 55090FAE2086E4480061580B /* Products */;
			projectDirPath = "";
			projectRoot = "";
			targets = (
				55090FAC2086E4480061580B /* DayGramTest */,
			);
		};
/* End PBXProject section */

/* Begin PBXResourcesBuildPhase section */
		55090FAB2086E4480061580B /* Resources */ = {
			isa = PBXResourcesBuildPhase;
			buildActionMask = 2147483647;
			files = (
				55090FBB2086E44B0061580B /* LaunchScreen.storyboard in Resources */,
				55090FB82086E44B0061580B /* Assets.xcassets in Resources */,
				55090FB62086E4480061580B /* Main.storyboard in Resources */,
			);
			runOnlyForDeploymentPostprocessing = 0;
		};
/* End PBXResourcesBuildPhase section */

/* Begin PBXSourcesBuildPhase section */
		55090FA92086E4480061580B /* Sources */ = {
			isa = PBXSourcesBuildPhase;
			buildActionMask = 2147483647;
			files = (
				55090FC72086EA380061580B /* SettingViewController.swift in Sources */,
				55D993E720872F1B00D8684E /* TimeHandler.swift in Sources */,
				55090FC52086EA140061580B /* DiaryViewController.swift in Sources */,
				55090FCE2086F8A10061580B /* DiaryData.swift in Sources */,
				55090FC32086E9D70061580B /* MainListViewController.swift in Sources */,
				55090FCA2086F6610061580B /* DiaryCell.swift in Sources */,
				55090FB32086E4480061580B /* ViewController.swift in Sources */,
				55090FB12086E4480061580B /* AppDelegate.swift in Sources */,
			);
			runOnlyForDeploymentPostprocessing = 0;
		};
/* End PBXSourcesBuildPhase section */

/* Begin PBXVariantGroup section */
		55090FB42086E4480061580B /* Main.storyboard */ = {
			isa = PBXVariantGroup;
			children = (
				55090FB52086E4480061580B /* Base */,
			);
			name = Main.storyboard;
			sourceTree = "<group>";
		};
		55090FB92086E44B0061580B /* LaunchScreen.storyboard */ = {
			isa = PBXVariantGroup;
			children = (
				55090FBA2086E44B0061580B /* Base */,
			);
			name = LaunchScreen.storyboard;
			sourceTree = "<group>";
		};
/* End PBXVariantGroup section */

/* Begin XCBuildConfiguration section */
		55090FBD2086E44B0061580B /* Debug */ = {
			isa = XCBuildConfiguration;
			buildSettings = {
				ALWAYS_SEARCH_USER_PATHS = NO;
				CLANG_ANALYZER_NONNULL = YES;
				CLANG_ANALYZER_NUMBER_OBJECT_CONVERSION = YES_AGGRESSIVE;
				CLANG_CXX_LANGUAGE_STANDARD = "gnu++14";
				CLANG_CXX_LIBRARY = "libc++";
				CLANG_ENABLE_MODULES = YES;
				CLANG_ENABLE_OBJC_ARC = YES;
				CLANG_ENABLE_OBJC_WEAK = YES;
				CLANG_WARN_BLOCK_CAPTURE_AUTORELEASING = YES;
				CLANG_WARN_BOOL_CONVERSION = YES;
				CLANG_WARN_COMMA = YES;
				CLANG_WARN_CONSTANT_CONVERSION = YES;
				CLANG_WARN_DEPRECATED_OBJC_IMPLEMENTATIONS = YES;
				CLANG_WARN_DIRECT_OBJC_ISA_USAGE = YES_ERROR;
				CLANG_WARN_DOCUMENTATION_COMMENTS = YES;
				CLANG_WARN_EMPTY_BODY = YES;
				CLANG_WARN_ENUM_CONVERSION = YES;
				CLANG_WARN_INFINITE_RECURSION = YES;
				CLANG_WARN_INT_CONVERSION = YES;
				CLANG_WARN_NON_LITERAL_NULL_CONVERSION = YES;
				CLANG_WARN_OBJC_IMPLICIT_RETAIN_SELF = YES;
				CLANG_WARN_OBJC_LITERAL_CONVERSION = YES;
				CLANG_WARN_OBJC_ROOT_CLASS = YES_ERROR;
				CLANG_WARN_RANGE_LOOP_ANALYSIS = YES;
				CLANG_WARN_STRICT_PROTOTYPES = YES;
				CLANG_WARN_SUSPICIOUS_MOVE = YES;
				CLANG_WARN_UNGUARDED_AVAILABILITY = YES_AGGRESSIVE;
				CLANG_WARN_UNREACHABLE_CODE = YES;
				CLANG_WARN__DUPLICATE_METHOD_MATCH = YES;
				CODE_SIGN_IDENTITY = "iPhone Developer";
				COPY_PHASE_STRIP = NO;
				DEBUG_INFORMATION_FORMAT = dwarf;
				ENABLE_STRICT_OBJC_MSGSEND = YES;
				ENABLE_TESTABILITY = YES;
				GCC_C_LANGUAGE_STANDARD = gnu11;
				GCC_DYNAMIC_NO_PIC = NO;
				GCC_NO_COMMON_BLOCKS = YES;
				GCC_OPTIMIZATION_LEVEL = 0;
				GCC_PREPROCESSOR_DEFINITIONS = (
					"DEBUG=1",
					"$(inherited)",
				);
				GCC_WARN_64_TO_32_BIT_CONVERSION = YES;
				GCC_WARN_ABOUT_RETURN_TYPE = YES_ERROR;
				GCC_WARN_UNDECLARED_SELECTOR = YES;
				GCC_WARN_UNINITIALIZED_AUTOS = YES_AGGRESSIVE;
				GCC_WARN_UNUSED_FUNCTION = YES;
				GCC_WARN_UNUSED_VARIABLE = YES;
				IPHONEOS_DEPLOYMENT_TARGET = 11.3;
				MTL_ENABLE_DEBUG_INFO = YES;
				ONLY_ACTIVE_ARCH = YES;
				SDKROOT = iphoneos;
				SWIFT_ACTIVE_COMPILATION_CONDITIONS = DEBUG;
				SWIFT_OPTIMIZATION_LEVEL = "-Onone";
			};
			name = Debug;
		};
		55090FBE2086E44B0061580B /* Release */ = {
			isa = XCBuildConfiguration;
			buildSettings = {
				ALWAYS_SEARCH_USER_PATHS = NO;
				CLANG_ANALYZER_NONNULL = YES;
				CLANG_ANALYZER_NUMBER_OBJECT_CONVERSION = YES_AGGRESSIVE;
				CLANG_CXX_LANGUAGE_STANDARD = "gnu++14";
				CLANG_CXX_LIBRARY = "libc++";
				CLANG_ENABLE_MODULES = YES;
				CLANG_ENABLE_OBJC_ARC = YES;
				CLANG_ENABLE_OBJC_WEAK = YES;
				CLANG_WARN_BLOCK_CAPTURE_AUTORELEASING = YES;
				CLANG_WARN_BOOL_CONVERSION = YES;
				CLANG_WARN_COMMA = YES;
				CLANG_WARN_CONSTANT_CONVERSION = YES;
				CLANG_WARN_DEPRECATED_OBJC_IMPLEMENTATIONS = YES;
				CLANG_WARN_DIRECT_OBJC_ISA_USAGE = YES_ERROR;
				CLANG_WARN_DOCUMENTATION_COMMENTS = YES;
				CLANG_WARN_EMPTY_BODY = YES;
				CLANG_WARN_ENUM_CONVERSION = YES;
				CLANG_WARN_INFINITE_RECURSION = YES;
				CLANG_WARN_INT_CONVERSION = YES;
				CLANG_WARN_NON_LITERAL_NULL_CONVERSION = YES;
				CLANG_WARN_OBJC_IMPLICIT_RETAIN_SELF = YES;
				CLANG_WARN_OBJC_LITERAL_CONVERSION = YES;
				CLANG_WARN_OBJC_ROOT_CLASS = YES_ERROR;
				CLANG_WARN_RANGE_LOOP_ANALYSIS = YES;
				CLANG_WARN_STRICT_PROTOTYPES = YES;
				CLANG_WARN_SUSPICIOUS_MOVE = YES;
				CLANG_WARN_UNGUARDED_AVAILABILITY = YES_AGGRESSIVE;
				CLANG_WARN_UNREACHABLE_CODE = YES;
				CLANG_WARN__DUPLICATE_METHOD_MATCH = YES;
				CODE_SIGN_IDENTITY = "iPhone Developer";
				COPY_PHASE_STRIP = NO;
				DEBUG_INFORMATION_FORMAT = "dwarf-with-dsym";
				ENABLE_NS_ASSERTIONS = NO;
				ENABLE_STRICT_OBJC_MSGSEND = YES;
				GCC_C_LANGUAGE_STANDARD = gnu11;
				GCC_NO_COMMON_BLOCKS = YES;
				GCC_WARN_64_TO_32_BIT_CONVERSION = YES;
				GCC_WARN_ABOUT_RETURN_TYPE = YES_ERROR;
				GCC_WARN_UNDECLARED_SELECTOR = YES;
				GCC_WARN_UNINITIALIZED_AUTOS = YES_AGGRESSIVE;
				GCC_WARN_UNUSED_FUNCTION = YES;
				GCC_WARN_UNUSED_VARIABLE = YES;
				IPHONEOS_DEPLOYMENT_TARGET = 11.3;
				MTL_ENABLE_DEBUG_INFO = NO;
				SDKROOT = iphoneos;
				SWIFT_COMPILATION_MODE = wholemodule;
				SWIFT_OPTIMIZATION_LEVEL = "-O";
				VALIDATE_PRODUCT = YES;
			};
			name = Release;
		};
		55090FC02086E44B0061580B /* Debug */ = {
			isa = XCBuildConfiguration;
			buildSettings = {
				ASSETCATALOG_COMPILER_APPICON_NAME = AppIcon;
				CODE_SIGN_STYLE = Automatic;
				DEVELOPMENT_TEAM = 4Z6U9FKXA9;
				INFOPLIST_FILE = DayGramTest/Info.plist;
				LD_RUNPATH_SEARCH_PATHS = (
					"$(inherited)",
					"@executable_path/Frameworks",
				);
				PRODUCT_BUNDLE_IDENTIFIER = com.mobileandsmile.DayGramTest;
				PRODUCT_NAME = "$(TARGET_NAME)";
				SWIFT_VERSION = 4.0;
				TARGETED_DEVICE_FAMILY = "1,2";
			};
			name = Debug;
		};
		55090FC12086E44B0061580B /* Release */ = {
			isa = XCBuildConfiguration;
			buildSettings = {
				ASSETCATALOG_COMPILER_APPICON_NAME = AppIcon;
				CODE_SIGN_STYLE = Automatic;
				DEVELOPMENT_TEAM = 4Z6U9FKXA9;
				INFOPLIST_FILE = DayGramTest/Info.plist;
				LD_RUNPATH_SEARCH_PATHS = (
					"$(inherited)",
					"@executable_path/Frameworks",
				);
				PRODUCT_BUNDLE_IDENTIFIER = com.mobileandsmile.DayGramTest;
				PRODUCT_NAME = "$(TARGET_NAME)";
				SWIFT_VERSION = 4.0;
				TARGETED_DEVICE_FAMILY = "1,2";
			};
			name = Release;
		};
/* End XCBuildConfiguration section */

/* Begin XCConfigurationList section */
		55090FA82086E4480061580B /* Build configuration list for PBXProject "DayGramTest" */ = {
			isa = XCConfigurationList;
			buildConfigurations = (
				55090FBD2086E44B0061580B /* Debug */,
				55090FBE2086E44B0061580B /* Release */,
			);
			defaultConfigurationIsVisible = 0;
			defaultConfigurationName = Release;
		};
		55090FBF2086E44B0061580B /* Build configuration list for PBXNativeTarget "DayGramTest" */ = {
			isa = XCConfigurationList;
			buildConfigurations = (
				55090FC02086E44B0061580B /* Debug */,
				55090FC12086E44B0061580B /* Release */,
			);
			defaultConfigurationIsVisible = 0;
			defaultConfigurationName = Release;
		};
/* End XCConfigurationList section */
	};
	rootObject = 55090FA52086E4480061580B /* Project object */;
}
